<?xml version="1.0" encoding="utf-8"?>
<Project ToolsVersion="4.0" xmlns="http://schemas.microsoft.com/developer/msbuild/2003">
  <ItemGroup>
    <Filter Include="Source Files">
      <UniqueIdentifier>{4FC737F1-C7A5-4376-A066-2A32D752A2FF}</UniqueIdentifier>
      <Extensions>cpp;c;cc;cxx;def;odl;idl;hpj;bat;asm;asmx</Extensions>
    </Filter>
    <Filter Include="Header Files">
      <UniqueIdentifier>{93995380-89BD-4b04-88EB-625FBE52EBFB}</UniqueIdentifier>
      <Extensions>h;hh;hpp;hxx;hm;inl;inc;ipp;xsd</Extensions>
    </Filter>
    <Filter Include="Resource Files">
      <UniqueIdentifier>{67DA6AB6-F800-4c08-8B7A-83BB121AAD01}</UniqueIdentifier>
      <Extensions>rc;ico;cur;bmp;dlg;rc2;rct;bin;rgs;gif;jpg;jpeg;jpe;resx;tiff;tif;png;wav;mfcribbon-ms</Extensions>
    </Filter>
    <Filter Include="Header Files\game_object">
      <UniqueIdentifier>{f0df080c-b5e6-4bea-b422-cfad17d12847}</UniqueIdentifier>
    </Filter>
    <Filter Include="Header Files\renderer">
      <UniqueIdentifier>{5505a4b3-8d71-40a7-b972-63547ee1cf3b}</UniqueIdentifier>
    </Filter>
    <Filter Include="Header Files\utility">
      <UniqueIdentifier>{4696fd8d-faf5-4a7e-83a3-41cd8b97c333}</UniqueIdentifier>
    </Filter>
    <Filter Include="Source Files\main">
      <UniqueIdentifier>{5d7740fd-de77-484c-b9b4-6bea51e922bd}</UniqueIdentifier>
    </Filter>
  </ItemGroup>
  <ItemGroup>
    <ClCompile Include="glad.c">
      <Filter>Source Files</Filter>
    </ClCompile>
    <ClCompile Include="shader.cpp">
      <Filter>Source Files</Filter>
    </ClCompile>
    <ClCompile Include="texture.cpp">
      <Filter>Source Files</Filter>
    </ClCompile>
    <ClCompile Include="sprite_renderer.cpp">
      <Filter>Source Files</Filter>
    </ClCompile>
    <ClCompile Include="triangle_renderer.cpp">
      <Filter>Source Files</Filter>
    </ClCompile>
    <ClCompile Include="game_object.cpp">
      <Filter>Source Files</Filter>
    </ClCompile>
    <ClCompile Include="game_level.cpp">
      <Filter>Source Files</Filter>
    </ClCompile>
    <ClCompile Include="resource_manager.cpp">
      <Filter>Source Files</Filter>
    </ClCompile>
    <ClCompile Include="ball_object.cpp">
      <Filter>Source Files</Filter>
    </ClCompile>
    <ClCompile Include="particle_generator.cpp">
      <Filter>Source Files</Filter>
    </ClCompile>
    <ClCompile Include="post_processor.cpp">
      <Filter>Source Files</Filter>
    </ClCompile>
    <ClCompile Include="texture_renderer.cpp">
      <Filter>Source Files</Filter>
    </ClCompile>
    <ClCompile Include="game.cpp">
      <Filter>Source Files\main</Filter>
    </ClCompile>
    <ClCompile Include="main.cpp">
      <Filter>Source Files\main</Filter>
    </ClCompile>
  </ItemGroup>
  <ItemGroup>
    <ClInclude Include="game.h">
      <Filter>Header Files</Filter>
    </ClInclude>
    <ClInclude Include="game_level.h">
      <Filter>Header Files</Filter>
    </ClInclude>
    <ClInclude Include="ball_object.h">
      <Filter>Header Files\game_object</Filter>
    </ClInclude>
    <ClInclude Include="game_object.h">
      <Filter>Header Files\game_object</Filter>
    </ClInclude>
    <ClInclude Include="sprite_renderer.h">
      <Filter>Header Files\renderer</Filter>
    </ClInclude>
    <ClInclude Include="triangle_renderer.h">
      <Filter>Header Files\renderer</Filter>
    </ClInclude>
    <ClInclude Include="texture_renderer.h">
      <Filter>Header Files\renderer</Filter>
    </ClInclude>
    <ClInclude Include="power_up.h">
      <Filter>Header Files\game_object</Filter>
    </ClInclude>
    <ClInclude Include="utility.h">
      <Filter>Header Files\utility</Filter>
    </ClInclude>
    <ClInclude Include="stb_image.h">
      <Filter>Header Files\utility</Filter>
    </ClInclude>
    <ClInclude Include="texture.h">
      <Filter>Header Files\utility</Filter>
    </ClInclude>
    <ClInclude Include="shader.h">
      <Filter>Header Files\utility</Filter>
    </ClInclude>
    <ClInclude Include="resource_manager.h">
      <Filter>Header Files\utility</Filter>
    </ClInclude>
    <ClInclude Include="post_processor.h">
      <Filter>Header Files\utility</Filter>
    </ClInclude>
    <ClInclude Include="particle_generator.h">
      <Filter>Header Files\utility</Filter>
    </ClInclude>
    <ClInclude Include="particle.h">
      <Filter>Header Files\utility</Filter>
    </ClInclude>
    <ClInclude Include="debugger.h">
      <Filter>Header Files\utility</Filter>
    </ClInclude>
    <ClInclude Include="Collision.h">
      <Filter>Header Files\utility</Filter>
    </ClInclude>
  </ItemGroup>
</Project>